// !$*UTF8*$!
{
	archiveVersion = 1;
	classes = {
	};
	objectVersion = 55;
	objects = {

/* Begin PBXBuildFile section */
		C9429B0B27DCEEAD00859F81 /* AppDelegate.swift in Sources */ = {isa = PBXBuildFile; fileRef = C9429B0A27DCEEAD00859F81 /* AppDelegate.swift */; };
		C9429B0D27DCEEAD00859F81 /* SceneDelegate.swift in Sources */ = {isa = PBXBuildFile; fileRef = C9429B0C27DCEEAD00859F81 /* SceneDelegate.swift */; };
		C9429B1427DCEEB000859F81 /* Assets.xcassets in Resources */ = {isa = PBXBuildFile; fileRef = C9429B1327DCEEB000859F81 /* Assets.xcassets */; };
		C9429B1727DCEEB000859F81 /* LaunchScreen.storyboard in Resources */ = {isa = PBXBuildFile; fileRef = C9429B1527DCEEB000859F81 /* LaunchScreen.storyboard */; };
		C9429B2227DCEEB100859F81 /* MyMealsTests.swift in Sources */ = {isa = PBXBuildFile; fileRef = C9429B2127DCEEB100859F81 /* MyMealsTests.swift */; };
		C9429B4027DD058B00859F81 /* RecipesListPresenter.swift in Sources */ = {isa = PBXBuildFile; fileRef = C9429B3F27DD058B00859F81 /* RecipesListPresenter.swift */; };
		C9429B4227DD059D00859F81 /* RecipesListViewController.swift in Sources */ = {isa = PBXBuildFile; fileRef = C9429B4127DD059D00859F81 /* RecipesListViewController.swift */; };
		C9429B4427DD062B00859F81 /* RecipesListInterfaces.swift in Sources */ = {isa = PBXBuildFile; fileRef = C9429B4327DD062B00859F81 /* RecipesListInterfaces.swift */; };
		C9429B4727DD06B300859F81 /* Recipe.swift in Sources */ = {isa = PBXBuildFile; fileRef = C9429B4627DD06B300859F81 /* Recipe.swift */; };
		C9429B4927DD077400859F81 /* RecipesListConfigurator.swift in Sources */ = {isa = PBXBuildFile; fileRef = C9429B4827DD077400859F81 /* RecipesListConfigurator.swift */; };
		C9429B4B27DD07E800859F81 /* RecipesListInteractor.swift in Sources */ = {isa = PBXBuildFile; fileRef = C9429B4A27DD07E800859F81 /* RecipesListInteractor.swift */; };
		C9429B4D27DD08A400859F81 /* MyMealsError.swift in Sources */ = {isa = PBXBuildFile; fileRef = C9429B4C27DD08A400859F81 /* MyMealsError.swift */; };
		C9429B5027DD0C4800859F81 /* RecipesListViewData.swift in Sources */ = {isa = PBXBuildFile; fileRef = C9429B4F27DD0C4800859F81 /* RecipesListViewData.swift */; };
		C9429B5227DDDE2D00859F81 /* RecipesListViewDataMapper.swift in Sources */ = {isa = PBXBuildFile; fileRef = C9429B5127DDDE2D00859F81 /* RecipesListViewDataMapper.swift */; };
		C9429B5527DDF9F500859F81 /* RecipesListDataProvider.swift in Sources */ = {isa = PBXBuildFile; fileRef = C9429B5427DDF9F500859F81 /* RecipesListDataProvider.swift */; };
		C9E5359A27E0AFF500591534 /* LocalStorage.swift in Sources */ = {isa = PBXBuildFile; fileRef = C9E5359927E0AFF500591534 /* LocalStorage.swift */; };
		C9E5359E27E0C20B00591534 /* LocalStorageInterface.swift in Sources */ = {isa = PBXBuildFile; fileRef = C9E5359D27E0C20B00591534 /* LocalStorageInterface.swift */; };
		C9E535A127E0D64800591534 /* recipes.json in Resources */ = {isa = PBXBuildFile; fileRef = C9E535A027E0D64800591534 /* recipes.json */; };
/* End PBXBuildFile section */

/* Begin PBXContainerItemProxy section */
		C9429B1E27DCEEB100859F81 /* PBXContainerItemProxy */ = {
			isa = PBXContainerItemProxy;
			containerPortal = C9429AFF27DCEEAD00859F81 /* Project object */;
			proxyType = 1;
			remoteGlobalIDString = C9429B0627DCEEAD00859F81;
			remoteInfo = MyMeals;
		};
/* End PBXContainerItemProxy section */

/* Begin PBXFileReference section */
		C9429B0727DCEEAD00859F81 /* MyMeals.app */ = {isa = PBXFileReference; explicitFileType = wrapper.application; includeInIndex = 0; path = MyMeals.app; sourceTree = BUILT_PRODUCTS_DIR; };
		C9429B0A27DCEEAD00859F81 /* AppDelegate.swift */ = {isa = PBXFileReference; lastKnownFileType = sourcecode.swift; path = AppDelegate.swift; sourceTree = "<group>"; };
		C9429B0C27DCEEAD00859F81 /* SceneDelegate.swift */ = {isa = PBXFileReference; lastKnownFileType = sourcecode.swift; path = SceneDelegate.swift; sourceTree = "<group>"; };
		C9429B1327DCEEB000859F81 /* Assets.xcassets */ = {isa = PBXFileReference; lastKnownFileType = folder.assetcatalog; path = Assets.xcassets; sourceTree = "<group>"; };
		C9429B1627DCEEB000859F81 /* Base */ = {isa = PBXFileReference; lastKnownFileType = file.storyboard; name = Base; path = Base.lproj/LaunchScreen.storyboard; sourceTree = "<group>"; };
		C9429B1827DCEEB000859F81 /* Info.plist */ = {isa = PBXFileReference; lastKnownFileType = text.plist.xml; path = Info.plist; sourceTree = "<group>"; };
		C9429B1D27DCEEB100859F81 /* MyMealsTests.xctest */ = {isa = PBXFileReference; explicitFileType = wrapper.cfbundle; includeInIndex = 0; path = MyMealsTests.xctest; sourceTree = BUILT_PRODUCTS_DIR; };
		C9429B2127DCEEB100859F81 /* MyMealsTests.swift */ = {isa = PBXFileReference; lastKnownFileType = sourcecode.swift; path = MyMealsTests.swift; sourceTree = "<group>"; };
		C9429B3F27DD058B00859F81 /* RecipesListPresenter.swift */ = {isa = PBXFileReference; lastKnownFileType = sourcecode.swift; path = RecipesListPresenter.swift; sourceTree = "<group>"; };
		C9429B4127DD059D00859F81 /* RecipesListViewController.swift */ = {isa = PBXFileReference; lastKnownFileType = sourcecode.swift; path = RecipesListViewController.swift; sourceTree = "<group>"; };
		C9429B4327DD062B00859F81 /* RecipesListInterfaces.swift */ = {isa = PBXFileReference; lastKnownFileType = sourcecode.swift; path = RecipesListInterfaces.swift; sourceTree = "<group>"; };
		C9429B4627DD06B300859F81 /* Recipe.swift */ = {isa = PBXFileReference; lastKnownFileType = sourcecode.swift; path = Recipe.swift; sourceTree = "<group>"; };
		C9429B4827DD077400859F81 /* RecipesListConfigurator.swift */ = {isa = PBXFileReference; lastKnownFileType = sourcecode.swift; path = RecipesListConfigurator.swift; sourceTree = "<group>"; };
		C9429B4A27DD07E800859F81 /* RecipesListInteractor.swift */ = {isa = PBXFileReference; lastKnownFileType = sourcecode.swift; path = RecipesListInteractor.swift; sourceTree = "<group>"; };
		C9429B4C27DD08A400859F81 /* MyMealsError.swift */ = {isa = PBXFileReference; lastKnownFileType = sourcecode.swift; path = MyMealsError.swift; sourceTree = "<group>"; };
		C9429B4F27DD0C4800859F81 /* RecipesListViewData.swift */ = {isa = PBXFileReference; lastKnownFileType = sourcecode.swift; path = RecipesListViewData.swift; sourceTree = "<group>"; };
		C9429B5127DDDE2D00859F81 /* RecipesListViewDataMapper.swift */ = {isa = PBXFileReference; lastKnownFileType = sourcecode.swift; path = RecipesListViewDataMapper.swift; sourceTree = "<group>"; };
		C9429B5427DDF9F500859F81 /* RecipesListDataProvider.swift */ = {isa = PBXFileReference; lastKnownFileType = sourcecode.swift; path = RecipesListDataProvider.swift; sourceTree = "<group>"; };
		C9E5359927E0AFF500591534 /* LocalStorage.swift */ = {isa = PBXFileReference; lastKnownFileType = sourcecode.swift; path = LocalStorage.swift; sourceTree = "<group>"; };
		C9E5359D27E0C20B00591534 /* LocalStorageInterface.swift */ = {isa = PBXFileReference; lastKnownFileType = sourcecode.swift; path = LocalStorageInterface.swift; sourceTree = "<group>"; };
		C9E535A027E0D64800591534 /* recipes.json */ = {isa = PBXFileReference; lastKnownFileType = text.json; path = recipes.json; sourceTree = "<group>"; };
/* End PBXFileReference section */

/* Begin PBXFrameworksBuildPhase section */
		C9429B0427DCEEAD00859F81 /* Frameworks */ = {
			isa = PBXFrameworksBuildPhase;
			buildActionMask = 2147483647;
			files = (
			);
			runOnlyForDeploymentPostprocessing = 0;
		};
		C9429B1A27DCEEB100859F81 /* Frameworks */ = {
			isa = PBXFrameworksBuildPhase;
			buildActionMask = 2147483647;
			files = (
			);
			runOnlyForDeploymentPostprocessing = 0;
		};
/* End PBXFrameworksBuildPhase section */

/* Begin PBXGroup section */
		C9429AFE27DCEEAD00859F81 = {
			isa = PBXGroup;
			children = (
				C9429B0927DCEEAD00859F81 /* MyMeals */,
				C9429B2027DCEEB100859F81 /* MyMealsTests */,
				C9429B0827DCEEAD00859F81 /* Products */,
			);
			sourceTree = "<group>";
		};
		C9429B0827DCEEAD00859F81 /* Products */ = {
			isa = PBXGroup;
			children = (
				C9429B0727DCEEAD00859F81 /* MyMeals.app */,
				C9429B1D27DCEEB100859F81 /* MyMealsTests.xctest */,
			);
			name = Products;
			sourceTree = "<group>";
		};
		C9429B0927DCEEAD00859F81 /* MyMeals */ = {
			isa = PBXGroup;
			children = (
				C9429B1827DCEEB000859F81 /* Info.plist */,
				C9429B3B27DCEF2B00859F81 /* Resources */,
				C9429B3A27DCEF1800859F81 /* Sources */,
			);
			path = MyMeals;
			sourceTree = "<group>";
		};
		C9429B2027DCEEB100859F81 /* MyMealsTests */ = {
			isa = PBXGroup;
			children = (
				C9429B2127DCEEB100859F81 /* MyMealsTests.swift */,
			);
			path = MyMealsTests;
			sourceTree = "<group>";
		};
		C9429B3A27DCEF1800859F81 /* Sources */ = {
			isa = PBXGroup;
			children = (
				C9E5359B27E0C1E600591534 /* Common */,
				C9429B3C27DCF07E00859F81 /* AppDelegate */,
				C9429B4527DD06A800859F81 /* Models */,
				C9429B3E27DD055300859F81 /* RecipesList */,
			);
			path = Sources;
			sourceTree = "<group>";
		};
		C9429B3B27DCEF2B00859F81 /* Resources */ = {
			isa = PBXGroup;
			children = (
				C9E5359F27E0D62400591534 /* Sample */,
				C9429B1327DCEEB000859F81 /* Assets.xcassets */,
				C9429B1527DCEEB000859F81 /* LaunchScreen.storyboard */,
			);
			path = Resources;
			sourceTree = "<group>";
		};
		C9429B3C27DCF07E00859F81 /* AppDelegate */ = {
			isa = PBXGroup;
			children = (
				C9429B0A27DCEEAD00859F81 /* AppDelegate.swift */,
				C9429B0C27DCEEAD00859F81 /* SceneDelegate.swift */,
			);
			path = AppDelegate;
			sourceTree = "<group>";
		};
		C9429B3E27DD055300859F81 /* RecipesList */ = {
			isa = PBXGroup;
			children = (
				C9429B5327DDF9CA00859F81 /* DataProvider */,
				C9429B4E27DD0C2400859F81 /* Presenter */,
				C9429B4827DD077400859F81 /* RecipesListConfigurator.swift */,
				C9429B4A27DD07E800859F81 /* RecipesListInteractor.swift */,
				C9429B4327DD062B00859F81 /* RecipesListInterfaces.swift */,
				C9429B4127DD059D00859F81 /* RecipesListViewController.swift */,
			);
			path = RecipesList;
			sourceTree = "<group>";
		};
		C9429B4527DD06A800859F81 /* Models */ = {
			isa = PBXGroup;
			children = (
				C9429B4627DD06B300859F81 /* Recipe.swift */,
				C9429B4C27DD08A400859F81 /* MyMealsError.swift */,
			);
			path = Models;
			sourceTree = "<group>";
		};
		C9429B4E27DD0C2400859F81 /* Presenter */ = {
			isa = PBXGroup;
			children = (
				C9429B3F27DD058B00859F81 /* RecipesListPresenter.swift */,
				C9429B4F27DD0C4800859F81 /* RecipesListViewData.swift */,
				C9429B5127DDDE2D00859F81 /* RecipesListViewDataMapper.swift */,
			);
			path = Presenter;
			sourceTree = "<group>";
		};
		C9429B5327DDF9CA00859F81 /* DataProvider */ = {
			isa = PBXGroup;
			children = (
				C9429B5427DDF9F500859F81 /* RecipesListDataProvider.swift */,
			);
			path = DataProvider;
			sourceTree = "<group>";
		};
		C9E5359B27E0C1E600591534 /* Common */ = {
			isa = PBXGroup;
			children = (
				C9E5359C27E0C1EC00591534 /* LocalStorage */,
			);
			path = Common;
			sourceTree = "<group>";
		};
		C9E5359C27E0C1EC00591534 /* LocalStorage */ = {
			isa = PBXGroup;
			children = (
				C9E5359927E0AFF500591534 /* LocalStorage.swift */,
				C9E5359D27E0C20B00591534 /* LocalStorageInterface.swift */,
			);
			path = LocalStorage;
			sourceTree = "<group>";
		};
		C9E5359F27E0D62400591534 /* Sample */ = {
			isa = PBXGroup;
			children = (
				C9E535A027E0D64800591534 /* recipes.json */,
			);
			path = Sample;
			sourceTree = "<group>";
		};
/* End PBXGroup section */

/* Begin PBXNativeTarget section */
		C9429B0627DCEEAD00859F81 /* MyMeals */ = {
			isa = PBXNativeTarget;
			buildConfigurationList = C9429B3127DCEEB100859F81 /* Build configuration list for PBXNativeTarget "MyMeals" */;
			buildPhases = (
				C9429B0327DCEEAD00859F81 /* Sources */,
				C9429B3D27DCF83100859F81 /* SwiftLint */,
				C9429B0427DCEEAD00859F81 /* Frameworks */,
				C9429B0527DCEEAD00859F81 /* Resources */,
			);
			buildRules = (
			);
			dependencies = (
			);
			name = MyMeals;
			productName = MyMeals;
			productReference = C9429B0727DCEEAD00859F81 /* MyMeals.app */;
			productType = "com.apple.product-type.application";
		};
		C9429B1C27DCEEB100859F81 /* MyMealsTests */ = {
			isa = PBXNativeTarget;
			buildConfigurationList = C9429B3427DCEEB100859F81 /* Build configuration list for PBXNativeTarget "MyMealsTests" */;
			buildPhases = (
				C9429B1927DCEEB100859F81 /* Sources */,
				C9429B1A27DCEEB100859F81 /* Frameworks */,
				C9429B1B27DCEEB100859F81 /* Resources */,
			);
			buildRules = (
			);
			dependencies = (
				C9429B1F27DCEEB100859F81 /* PBXTargetDependency */,
			);
			name = MyMealsTests;
			productName = MyMealsTests;
			productReference = C9429B1D27DCEEB100859F81 /* MyMealsTests.xctest */;
			productType = "com.apple.product-type.bundle.unit-test";
		};
/* End PBXNativeTarget section */

/* Begin PBXProject section */
		C9429AFF27DCEEAD00859F81 /* Project object */ = {
			isa = PBXProject;
			attributes = {
				BuildIndependentTargetsInParallel = 1;
				LastSwiftUpdateCheck = 1320;
				LastUpgradeCheck = 1320;
				TargetAttributes = {
					C9429B0627DCEEAD00859F81 = {
						CreatedOnToolsVersion = 13.2.1;
					};
					C9429B1C27DCEEB100859F81 = {
						CreatedOnToolsVersion = 13.2.1;
						TestTargetID = C9429B0627DCEEAD00859F81;
					};
				};
			};
			buildConfigurationList = C9429B0227DCEEAD00859F81 /* Build configuration list for PBXProject "MyMeals" */;
			compatibilityVersion = "Xcode 13.0";
			developmentRegion = en;
			hasScannedForEncodings = 0;
			knownRegions = (
				en,
				Base,
			);
			mainGroup = C9429AFE27DCEEAD00859F81;
			productRefGroup = C9429B0827DCEEAD00859F81 /* Products */;
			projectDirPath = "";
			projectRoot = "";
			targets = (
				C9429B0627DCEEAD00859F81 /* MyMeals */,
				C9429B1C27DCEEB100859F81 /* MyMealsTests */,
			);
		};
/* End PBXProject section */

/* Begin PBXResourcesBuildPhase section */
		C9429B0527DCEEAD00859F81 /* Resources */ = {
			isa = PBXResourcesBuildPhase;
			buildActionMask = 2147483647;
			files = (
				C9429B1727DCEEB000859F81 /* LaunchScreen.storyboard in Resources */,
				C9E535A127E0D64800591534 /* recipes.json in Resources */,
				C9429B1427DCEEB000859F81 /* Assets.xcassets in Resources */,
			);
			runOnlyForDeploymentPostprocessing = 0;
		};
		C9429B1B27DCEEB100859F81 /* Resources */ = {
			isa = PBXResourcesBuildPhase;
			buildActionMask = 2147483647;
			files = (
			);
			runOnlyForDeploymentPostprocessing = 0;
		};
/* End PBXResourcesBuildPhase section */

/* Begin PBXShellScriptBuildPhase section */
		C9429B3D27DCF83100859F81 /* SwiftLint */ = {
			isa = PBXShellScriptBuildPhase;
			alwaysOutOfDate = 1;
			buildActionMask = 2147483647;
			files = (
			);
			inputFileListPaths = (
			);
			inputPaths = (
			);
			name = SwiftLint;
			outputFileListPaths = (
			);
			outputPaths = (
			);
			runOnlyForDeploymentPostprocessing = 0;
			shellPath = /bin/sh;
			shellScript = "export PATH=\"$PATH:/opt/homebrew/bin\"\n\nif which swiftlint >/dev/null; then\n  swiftlint\nelse\n  echo \"warning: SwiftLint not installed, download from https://github.com/realm/SwiftLint\"\nfi\n";
		};
/* End PBXShellScriptBuildPhase section */

/* Begin PBXSourcesBuildPhase section */
		C9429B0327DCEEAD00859F81 /* Sources */ = {
			isa = PBXSourcesBuildPhase;
			buildActionMask = 2147483647;
			files = (
				C9429B4B27DD07E800859F81 /* RecipesListInteractor.swift in Sources */,
				C9E5359E27E0C20B00591534 /* LocalStorageInterface.swift in Sources */,
				C9429B4227DD059D00859F81 /* RecipesListViewController.swift in Sources */,
				C9429B5027DD0C4800859F81 /* RecipesListViewData.swift in Sources */,
				C9429B4D27DD08A400859F81 /* MyMealsError.swift in Sources */,
				C9429B5527DDF9F500859F81 /* RecipesListDataProvider.swift in Sources */,
				C9429B4927DD077400859F81 /* RecipesListConfigurator.swift in Sources */,
				C9429B4027DD058B00859F81 /* RecipesListPresenter.swift in Sources */,
				C9429B4727DD06B300859F81 /* Recipe.swift in Sources */,
				C9429B5227DDDE2D00859F81 /* RecipesListViewDataMapper.swift in Sources */,
				C9429B4427DD062B00859F81 /* RecipesListInterfaces.swift in Sources */,
				C9E5359A27E0AFF500591534 /* LocalStorage.swift in Sources */,
				C9429B0B27DCEEAD00859F81 /* AppDelegate.swift in Sources */,
				C9429B0D27DCEEAD00859F81 /* SceneDelegate.swift in Sources */,
			);
			runOnlyForDeploymentPostprocessing = 0;
		};
		C9429B1927DCEEB100859F81 /* Sources */ = {
			isa = PBXSourcesBuildPhase;
			buildActionMask = 2147483647;
			files = (
				C9429B2227DCEEB100859F81 /* MyMealsTests.swift in Sources */,
			);
			runOnlyForDeploymentPostprocessing = 0;
		};
/* End PBXSourcesBuildPhase section */

/* Begin PBXTargetDependency section */
		C9429B1F27DCEEB100859F81 /* PBXTargetDependency */ = {
			isa = PBXTargetDependency;
			target = C9429B0627DCEEAD00859F81 /* MyMeals */;
			targetProxy = C9429B1E27DCEEB100859F81 /* PBXContainerItemProxy */;
		};
/* End PBXTargetDependency section */

/* Begin PBXVariantGroup section */
		C9429B1527DCEEB000859F81 /* LaunchScreen.storyboard */ = {
			isa = PBXVariantGroup;
			children = (
				C9429B1627DCEEB000859F81 /* Base */,
			);
			name = LaunchScreen.storyboard;
			sourceTree = "<group>";
		};
/* End PBXVariantGroup section */

/* Begin XCBuildConfiguration section */
		C9429B2F27DCEEB100859F81 /* Debug */ = {
			isa = XCBuildConfiguration;
			buildSettings = {
				ALWAYS_SEARCH_USER_PATHS = NO;
				CLANG_ANALYZER_NONNULL = YES;
				CLANG_ANALYZER_NUMBER_OBJECT_CONVERSION = YES_AGGRESSIVE;
				CLANG_CXX_LANGUAGE_STANDARD = "gnu++17";
				CLANG_CXX_LIBRARY = "libc++";
				CLANG_ENABLE_MODULES = YES;
				CLANG_ENABLE_OBJC_ARC = YES;
				CLANG_ENABLE_OBJC_WEAK = YES;
				CLANG_WARN_BLOCK_CAPTURE_AUTORELEASING = YES;
				CLANG_WARN_BOOL_CONVERSION = YES;
				CLANG_WARN_COMMA = YES;
				CLANG_WARN_CONSTANT_CONVERSION = YES;
				CLANG_WARN_DEPRECATED_OBJC_IMPLEMENTATIONS = YES;
				CLANG_WARN_DIRECT_OBJC_ISA_USAGE = YES_ERROR;
				CLANG_WARN_DOCUMENTATION_COMMENTS = YES;
				CLANG_WARN_EMPTY_BODY = YES;
				CLANG_WARN_ENUM_CONVERSION = YES;
				CLANG_WARN_INFINITE_RECURSION = YES;
				CLANG_WARN_INT_CONVERSION = YES;
				CLANG_WARN_NON_LITERAL_NULL_CONVERSION = YES;
				CLANG_WARN_OBJC_IMPLICIT_RETAIN_SELF = YES;
				CLANG_WARN_OBJC_LITERAL_CONVERSION = YES;
				CLANG_WARN_OBJC_ROOT_CLASS = YES_ERROR;
				CLANG_WARN_QUOTED_INCLUDE_IN_FRAMEWORK_HEADER = YES;
				CLANG_WARN_RANGE_LOOP_ANALYSIS = YES;
				CLANG_WARN_STRICT_PROTOTYPES = YES;
				CLANG_WARN_SUSPICIOUS_MOVE = YES;
				CLANG_WARN_UNGUARDED_AVAILABILITY = YES_AGGRESSIVE;
				CLANG_WARN_UNREACHABLE_CODE = YES;
				CLANG_WARN__DUPLICATE_METHOD_MATCH = YES;
				COPY_PHASE_STRIP = NO;
				DEBUG_INFORMATION_FORMAT = dwarf;
				ENABLE_STRICT_OBJC_MSGSEND = YES;
				ENABLE_TESTABILITY = YES;
				GCC_C_LANGUAGE_STANDARD = gnu11;
				GCC_DYNAMIC_NO_PIC = NO;
				GCC_NO_COMMON_BLOCKS = YES;
				GCC_OPTIMIZATION_LEVEL = 0;
				GCC_PREPROCESSOR_DEFINITIONS = (
					"DEBUG=1",
					"$(inherited)",
				);
				GCC_WARN_64_TO_32_BIT_CONVERSION = YES;
				GCC_WARN_ABOUT_RETURN_TYPE = YES_ERROR;
				GCC_WARN_UNDECLARED_SELECTOR = YES;
				GCC_WARN_UNINITIALIZED_AUTOS = YES_AGGRESSIVE;
				GCC_WARN_UNUSED_FUNCTION = YES;
				GCC_WARN_UNUSED_VARIABLE = YES;
				IPHONEOS_DEPLOYMENT_TARGET = 15.2;
				MTL_ENABLE_DEBUG_INFO = INCLUDE_SOURCE;
				MTL_FAST_MATH = YES;
				ONLY_ACTIVE_ARCH = YES;
				SDKROOT = iphoneos;
				SWIFT_ACTIVE_COMPILATION_CONDITIONS = DEBUG;
				SWIFT_OPTIMIZATION_LEVEL = "-Onone";
			};
			name = Debug;
		};
		C9429B3027DCEEB100859F81 /* Release */ = {
			isa = XCBuildConfiguration;
			buildSettings = {
				ALWAYS_SEARCH_USER_PATHS = NO;
				CLANG_ANALYZER_NONNULL = YES;
				CLANG_ANALYZER_NUMBER_OBJECT_CONVERSION = YES_AGGRESSIVE;
				CLANG_CXX_LANGUAGE_STANDARD = "gnu++17";
				CLANG_CXX_LIBRARY = "libc++";
				CLANG_ENABLE_MODULES = YES;
				CLANG_ENABLE_OBJC_ARC = YES;
				CLANG_ENABLE_OBJC_WEAK = YES;
				CLANG_WARN_BLOCK_CAPTURE_AUTORELEASING = YES;
				CLANG_WARN_BOOL_CONVERSION = YES;
				CLANG_WARN_COMMA = YES;
				CLANG_WARN_CONSTANT_CONVERSION = YES;
				CLANG_WARN_DEPRECATED_OBJC_IMPLEMENTATIONS = YES;
				CLANG_WARN_DIRECT_OBJC_ISA_USAGE = YES_ERROR;
				CLANG_WARN_DOCUMENTATION_COMMENTS = YES;
				CLANG_WARN_EMPTY_BODY = YES;
				CLANG_WARN_ENUM_CONVERSION = YES;
				CLANG_WARN_INFINITE_RECURSION = YES;
				CLANG_WARN_INT_CONVERSION = YES;
				CLANG_WARN_NON_LITERAL_NULL_CONVERSION = YES;
				CLANG_WARN_OBJC_IMPLICIT_RETAIN_SELF = YES;
				CLANG_WARN_OBJC_LITERAL_CONVERSION = YES;
				CLANG_WARN_OBJC_ROOT_CLASS = YES_ERROR;
				CLANG_WARN_QUOTED_INCLUDE_IN_FRAMEWORK_HEADER = YES;
				CLANG_WARN_RANGE_LOOP_ANALYSIS = YES;
				CLANG_WARN_STRICT_PROTOTYPES = YES;
				CLANG_WARN_SUSPICIOUS_MOVE = YES;
				CLANG_WARN_UNGUARDED_AVAILABILITY = YES_AGGRESSIVE;
				CLANG_WARN_UNREACHABLE_CODE = YES;
				CLANG_WARN__DUPLICATE_METHOD_MATCH = YES;
				COPY_PHASE_STRIP = NO;
				DEBUG_INFORMATION_FORMAT = "dwarf-with-dsym";
				ENABLE_NS_ASSERTIONS = NO;
				ENABLE_STRICT_OBJC_MSGSEND = YES;
				GCC_C_LANGUAGE_STANDARD = gnu11;
				GCC_NO_COMMON_BLOCKS = YES;
				GCC_WARN_64_TO_32_BIT_CONVERSION = YES;
				GCC_WARN_ABOUT_RETURN_TYPE = YES_ERROR;
				GCC_WARN_UNDECLARED_SELECTOR = YES;
				GCC_WARN_UNINITIALIZED_AUTOS = YES_AGGRESSIVE;
				GCC_WARN_UNUSED_FUNCTION = YES;
				GCC_WARN_UNUSED_VARIABLE = YES;
				IPHONEOS_DEPLOYMENT_TARGET = 15.2;
				MTL_ENABLE_DEBUG_INFO = NO;
				MTL_FAST_MATH = YES;
				SDKROOT = iphoneos;
				SWIFT_COMPILATION_MODE = wholemodule;
				SWIFT_OPTIMIZATION_LEVEL = "-O";
				VALIDATE_PRODUCT = YES;
			};
			name = Release;
		};
		C9429B3227DCEEB100859F81 /* Debug */ = {
			isa = XCBuildConfiguration;
			buildSettings = {
				ASSETCATALOG_COMPILER_APPICON_NAME = AppIcon;
				ASSETCATALOG_COMPILER_GLOBAL_ACCENT_COLOR_NAME = AccentColor;
				CODE_SIGN_STYLE = Automatic;
				CURRENT_PROJECT_VERSION = 1;
				DEVELOPMENT_TEAM = WL6M8X5857;
				GENERATE_INFOPLIST_FILE = YES;
				INFOPLIST_FILE = MyMeals/Info.plist;
				INFOPLIST_KEY_UIApplicationSupportsIndirectInputEvents = YES;
				INFOPLIST_KEY_UILaunchStoryboardName = LaunchScreen;
				INFOPLIST_KEY_UISupportedInterfaceOrientations = UIInterfaceOrientationPortrait;
				INFOPLIST_KEY_UISupportedInterfaceOrientations_iPad = "UIInterfaceOrientationPortrait UIInterfaceOrientationPortraitUpsideDown UIInterfaceOrientationLandscapeLeft UIInterfaceOrientationLandscapeRight";
				INFOPLIST_KEY_UISupportedInterfaceOrientations_iPhone = "UIInterfaceOrientationPortrait UIInterfaceOrientationLandscapeLeft UIInterfaceOrientationLandscapeRight";
				LD_RUNPATH_SEARCH_PATHS = (
					"$(inherited)",
					"@executable_path/Frameworks",
				);
				MARKETING_VERSION = 1.0;
				PRODUCT_BUNDLE_IDENTIFIER = com.rubenxifre.MyMeals;
				PRODUCT_NAME = "$(TARGET_NAME)";
				SWIFT_EMIT_LOC_STRINGS = YES;
				SWIFT_VERSION = 5.0;
				TARGETED_DEVICE_FAMILY = 1;
			};
			name = Debug;
		};
		C9429B3327DCEEB100859F81 /* Release */ = {
			isa = XCBuildConfiguration;
			buildSettings = {
				ASSETCATALOG_COMPILER_APPICON_NAME = AppIcon;
				ASSETCATALOG_COMPILER_GLOBAL_ACCENT_COLOR_NAME = AccentColor;
				CODE_SIGN_STYLE = Automatic;
				CURRENT_PROJECT_VERSION = 1;
				DEVELOPMENT_TEAM = WL6M8X5857;
				GENERATE_INFOPLIST_FILE = YES;
				INFOPLIST_FILE = MyMeals/Info.plist;
				INFOPLIST_KEY_UIApplicationSupportsIndirectInputEvents = YES;
				INFOPLIST_KEY_UILaunchStoryboardName = LaunchScreen;
				INFOPLIST_KEY_UISupportedInterfaceOrientations = UIInterfaceOrientationPortrait;
				INFOPLIST_KEY_UISupportedInterfaceOrientations_iPad = "UIInterfaceOrientationPortrait UIInterfaceOrientationPortraitUpsideDown UIInterfaceOrientationLandscapeLeft UIInterfaceOrientationLandscapeRight";
				INFOPLIST_KEY_UISupportedInterfaceOrientations_iPhone = "UIInterfaceOrientationPortrait UIInterfaceOrientationLandscapeLeft UIInterfaceOrientationLandscapeRight";
				LD_RUNPATH_SEARCH_PATHS = (
					"$(inherited)",
					"@executable_path/Frameworks",
				);
				MARKETING_VERSION = 1.0;
				PRODUCT_BUNDLE_IDENTIFIER = com.rubenxifre.MyMeals;
				PRODUCT_NAME = "$(TARGET_NAME)";
				SWIFT_EMIT_LOC_STRINGS = YES;
				SWIFT_VERSION = 5.0;
				TARGETED_DEVICE_FAMILY = 1;
			};
			name = Release;
		};
		C9429B3527DCEEB100859F81 /* Debug */ = {
			isa = XCBuildConfiguration;
			buildSettings = {
				ALWAYS_EMBED_SWIFT_STANDARD_LIBRARIES = YES;
				BUNDLE_LOADER = "$(TEST_HOST)";
				CODE_SIGN_STYLE = Automatic;
				CURRENT_PROJECT_VERSION = 1;
				GENERATE_INFOPLIST_FILE = YES;
				IPHONEOS_DEPLOYMENT_TARGET = 15.2;
				MARKETING_VERSION = 1.0;
				PRODUCT_BUNDLE_IDENTIFIER = com.rubenxifre.MyMealsTests;
				PRODUCT_NAME = "$(TARGET_NAME)";
				SWIFT_EMIT_LOC_STRINGS = NO;
				SWIFT_VERSION = 5.0;
				TARGETED_DEVICE_FAMILY = "1,2";
				TEST_HOST = "$(BUILT_PRODUCTS_DIR)/MyMeals.app/MyMeals";
			};
			name = Debug;
		};
		C9429B3627DCEEB100859F81 /* Release */ = {
			isa = XCBuildConfiguration;
			buildSettings = {
				ALWAYS_EMBED_SWIFT_STANDARD_LIBRARIES = YES;
				BUNDLE_LOADER = "$(TEST_HOST)";
				CODE_SIGN_STYLE = Automatic;
				CURRENT_PROJECT_VERSION = 1;
				GENERATE_INFOPLIST_FILE = YES;
				IPHONEOS_DEPLOYMENT_TARGET = 15.2;
				MARKETING_VERSION = 1.0;
				PRODUCT_BUNDLE_IDENTIFIER = com.rubenxifre.MyMealsTests;
				PRODUCT_NAME = "$(TARGET_NAME)";
				SWIFT_EMIT_LOC_STRINGS = NO;
				SWIFT_VERSION = 5.0;
				TARGETED_DEVICE_FAMILY = "1,2";
				TEST_HOST = "$(BUILT_PRODUCTS_DIR)/MyMeals.app/MyMeals";
			};
			name = Release;
		};
/* End XCBuildConfiguration section */

/* Begin XCConfigurationList section */
		C9429B0227DCEEAD00859F81 /* Build configuration list for PBXProject "MyMeals" */ = {
			isa = XCConfigurationList;
			buildConfigurations = (
				C9429B2F27DCEEB100859F81 /* Debug */,
				C9429B3027DCEEB100859F81 /* Release */,
			);
			defaultConfigurationIsVisible = 0;
			defaultConfigurationName = Release;
		};
		C9429B3127DCEEB100859F81 /* Build configuration list for PBXNativeTarget "MyMeals" */ = {
			isa = XCConfigurationList;
			buildConfigurations = (
				C9429B3227DCEEB100859F81 /* Debug */,
				C9429B3327DCEEB100859F81 /* Release */,
			);
			defaultConfigurationIsVisible = 0;
			defaultConfigurationName = Release;
		};
		C9429B3427DCEEB100859F81 /* Build configuration list for PBXNativeTarget "MyMealsTests" */ = {
			isa = XCConfigurationList;
			buildConfigurations = (
				C9429B3527DCEEB100859F81 /* Debug */,
				C9429B3627DCEEB100859F81 /* Release */,
			);
			defaultConfigurationIsVisible = 0;
			defaultConfigurationName = Release;
		};
/* End XCConfigurationList section */
	};
	rootObject = C9429AFF27DCEEAD00859F81 /* Project object */;
}
